
Microsoft Visual Studio Solution File, Format Version 12.00
# Visual Studio Version 17
VisualStudioVersion = 17.0.31903.59
MinimumVisualStudioVersion = 10.0.40219.1
Project("{FAE04EC0-301F-11D3-BF4B-00C04F79EFBC}") = "Huddle.Identity", "src\Huddle.Identity\Huddle.Identity.csproj", "{ECDC8518-0FB0-47AF-8822-D0A66F467270}"
EndProject
Project("{FAE04EC0-301F-11D3-BF4B-00C04F79EFBC}") = "Huddle.AppHost", "src\Huddle.AppHost\Huddle.AppHost.csproj", "{187721CD-4401-49A1-B6AE-C4B67D3E937D}"
EndProject
Project("{FAE04EC0-301F-11D3-BF4B-00C04F79EFBC}") = "Huddle.ServiceDefaults", "src\Huddle.ServiceDefaults\Huddle.ServiceDefaults.csproj", "{494048B9-1F19-4172-97DC-0F25BDFBBEB3}"
EndProject
Project("{2150E333-8FDC-42A3-9474-1A3956D46DE8}") = "src", "src", "{EC460F10-7AF4-4D25-A5E8-68D1FAD66DCD}"
EndProject
Project("{2150E333-8FDC-42A3-9474-1A3956D46DE8}") = "tests", "tests", "{1678577F-8C2D-4971-A313-677801BB1071}"
EndProject
Project("{FAE04EC0-301F-11D3-BF4B-00C04F79EFBC}") = "Huddle.Channel.WebApi", "src\ChannelService\Huddle.Channel.WebApi\Huddle.Channel.WebApi.csproj", "{A311B96E-5CA7-4F97-8352-842F2268A9E3}"
EndProject
Project("{2150E333-8FDC-42A3-9474-1A3956D46DE8}") = "ChannelService", "ChannelService", "{7D17550C-4419-4261-84D4-83C4CE85B223}"
EndProject
Project("{FAE04EC0-301F-11D3-BF4B-00C04F79EFBC}") = "Huddle.Channel.Domain", "src\ChannelService\Huddle.Channel.Domain\Huddle.Channel.Domain.csproj", "{B1ABD7E5-1F6A-4E6E-8803-97B00F8104BC}"
EndProject
Project("{FAE04EC0-301F-11D3-BF4B-00C04F79EFBC}") = "Huddle.Channel.Application", "src\ChannelService\Huddle.Channel.Application\Huddle.Channel.Application.csproj", "{520427AF-8F83-43F3-8004-34B96B262BF6}"
EndProject
Project("{FAE04EC0-301F-11D3-BF4B-00C04F79EFBC}") = "Huddle.Channel.Infrastructure", "src\ChannelService\Huddle.Channel.Infrastructure\Huddle.Channel.Infrastructure.csproj", "{BAAEBAFC-9322-44E5-A76D-764AC90B6AD0}"
EndProject
Project("{2150E333-8FDC-42A3-9474-1A3956D46DE8}") = "Gateways", "Gateways", "{B2CF42F2-47B5-40B3-9A45-9DA555AD6BD0}"
EndProject
Project("{FAE04EC0-301F-11D3-BF4B-00C04F79EFBC}") = "Huddle.Voice.WebApi", "src\Huddle.Voice.WebApi\Huddle.Voice.WebApi.csproj", "{2DA2EAD6-2964-4EBB-BD7E-73D15050769C}"
EndProject
Project("{FAE04EC0-301F-11D3-BF4B-00C04F79EFBC}") = "Huddle.ApiGateway", "src\Gateways\Huddle.ApiGateway\Huddle.ApiGateway.csproj", "{AE94E8DA-F593-4501-BB7B-83762BE79EBC}"
EndProject
Project("{2150E333-8FDC-42A3-9474-1A3956D46DE8}") = "Clients", "Clients", "{73CEC823-3F9E-44CC-BB76-D75DECF0EBB3}"
EndProject
Project("{FAE04EC0-301F-11D3-BF4B-00C04F79EFBC}") = "Huddle.DesktopApp", "src\Clients\Huddle.DesktopApp\Huddle.DesktopApp.csproj", "{FAF5E10B-7512-475C-85DE-5C5BEB78CFC4}"
EndProject
Project("{FAE04EC0-301F-11D3-BF4B-00C04F79EFBC}") = "ChannelService.FunctionalTests", "tests\ChannelService.FunctionalTests\ChannelService.FunctionalTests.csproj", "{27A15802-CDB2-418D-8213-506EEB9D13F9}"
EndProject
Project("{FAE04EC0-301F-11D3-BF4B-00C04F79EFBC}") = "IntegrationEventLogEF", "src\IntegrationEventLogEF\IntegrationEventLogEF.csproj", "{D3DCE738-A653-47ED-AAB9-6694BF4E5E8A}"
EndProject
Project("{FAE04EC0-301F-11D3-BF4B-00C04F79EFBC}") = "EventBus", "src\EventBus\EventBus.csproj", "{390A7E2C-A49F-415F-A8C8-00BF04C35B4A}"
EndProject
Project("{FAE04EC0-301F-11D3-BF4B-00C04F79EFBC}") = "EventBusRabbitMQ", "src\EventBusRabbitMQ\EventBusRabbitMQ.csproj", "{C57DBEC1-C3A0-46EE-BB04-4BF5D3FC50FE}"
EndProject
Project("{FAE04EC0-301F-11D3-BF4B-00C04F79EFBC}") = "Huddle.SignalR", "src\Huddle.SignalR\Huddle.SignalR.csproj", "{382E94AC-6536-BD8B-6082-7A03BB350C3C}"
EndProject
Project("{FAE04EC0-301F-11D3-BF4B-00C04F79EFBC}") = "Huddle.Channel.Dtos", "src\ChannelService\Huddle.Channel.Dtos\Huddle.Channel.Dtos.csproj", "{26E99F1B-C6AF-45EF-BA98-6E230C7D9377}"
EndProject
Project("{54A90642-561A-4BB1-A94E-469ADEE60C69}") = "huddle.react", "src\Clients\Huddle.React\huddle.react.esproj", "{DC5CD9D1-A4C7-28CF-93ED-D89DC70E44E7}"
EndProject
Project("{FAE04EC0-301F-11D3-BF4B-00C04F79EFBC}") = "Huddle.FileService", "src\Huddle.FileService\Huddle.FileService.csproj", "{72B70B35-66A8-8F10-92E6-3BC319F946D5}"
EndProject
Global
	GlobalSection(SolutionConfigurationPlatforms) = preSolution
		Debug|Any CPU = Debug|Any CPU
		Debug|x64 = Debug|x64
		Debug|x86 = Debug|x86
		Release|Any CPU = Release|Any CPU
		Release|x64 = Release|x64
		Release|x86 = Release|x86
	EndGlobalSection
	GlobalSection(ProjectConfigurationPlatforms) = postSolution
		{ECDC8518-0FB0-47AF-8822-D0A66F467270}.Debug|Any CPU.ActiveCfg = Debug|Any CPU
		{ECDC8518-0FB0-47AF-8822-D0A66F467270}.Debug|Any CPU.Build.0 = Debug|Any CPU
		{ECDC8518-0FB0-47AF-8822-D0A66F467270}.Debug|x64.ActiveCfg = Debug|Any CPU
		{ECDC8518-0FB0-47AF-8822-D0A66F467270}.Debug|x64.Build.0 = Debug|Any CPU
		{ECDC8518-0FB0-47AF-8822-D0A66F467270}.Debug|x86.ActiveCfg = Debug|Any CPU
		{ECDC8518-0FB0-47AF-8822-D0A66F467270}.Debug|x86.Build.0 = Debug|Any CPU
		{ECDC8518-0FB0-47AF-8822-D0A66F467270}.Release|Any CPU.ActiveCfg = Release|Any CPU
		{ECDC8518-0FB0-47AF-8822-D0A66F467270}.Release|Any CPU.Build.0 = Release|Any CPU
		{ECDC8518-0FB0-47AF-8822-D0A66F467270}.Release|x64.ActiveCfg = Release|Any CPU
		{ECDC8518-0FB0-47AF-8822-D0A66F467270}.Release|x64.Build.0 = Release|Any CPU
		{ECDC8518-0FB0-47AF-8822-D0A66F467270}.Release|x86.ActiveCfg = Release|Any CPU
		{ECDC8518-0FB0-47AF-8822-D0A66F467270}.Release|x86.Build.0 = Release|Any CPU
		{187721CD-4401-49A1-B6AE-C4B67D3E937D}.Debug|Any CPU.ActiveCfg = Debug|Any CPU
		{187721CD-4401-49A1-B6AE-C4B67D3E937D}.Debug|Any CPU.Build.0 = Debug|Any CPU
		{187721CD-4401-49A1-B6AE-C4B67D3E937D}.Debug|x64.ActiveCfg = Debug|Any CPU
		{187721CD-4401-49A1-B6AE-C4B67D3E937D}.Debug|x64.Build.0 = Debug|Any CPU
		{187721CD-4401-49A1-B6AE-C4B67D3E937D}.Debug|x86.ActiveCfg = Debug|Any CPU
		{187721CD-4401-49A1-B6AE-C4B67D3E937D}.Debug|x86.Build.0 = Debug|Any CPU
		{187721CD-4401-49A1-B6AE-C4B67D3E937D}.Release|Any CPU.ActiveCfg = Release|Any CPU
		{187721CD-4401-49A1-B6AE-C4B67D3E937D}.Release|Any CPU.Build.0 = Release|Any CPU
		{187721CD-4401-49A1-B6AE-C4B67D3E937D}.Release|x64.ActiveCfg = Release|Any CPU
		{187721CD-4401-49A1-B6AE-C4B67D3E937D}.Release|x64.Build.0 = Release|Any CPU
		{187721CD-4401-49A1-B6AE-C4B67D3E937D}.Release|x86.ActiveCfg = Release|Any CPU
		{187721CD-4401-49A1-B6AE-C4B67D3E937D}.Release|x86.Build.0 = Release|Any CPU
		{494048B9-1F19-4172-97DC-0F25BDFBBEB3}.Debug|Any CPU.ActiveCfg = Debug|Any CPU
		{494048B9-1F19-4172-97DC-0F25BDFBBEB3}.Debug|Any CPU.Build.0 = Debug|Any CPU
		{494048B9-1F19-4172-97DC-0F25BDFBBEB3}.Debug|x64.ActiveCfg = Debug|Any CPU
		{494048B9-1F19-4172-97DC-0F25BDFBBEB3}.Debug|x64.Build.0 = Debug|Any CPU
		{494048B9-1F19-4172-97DC-0F25BDFBBEB3}.Debug|x86.ActiveCfg = Debug|Any CPU
		{494048B9-1F19-4172-97DC-0F25BDFBBEB3}.Debug|x86.Build.0 = Debug|Any CPU
		{494048B9-1F19-4172-97DC-0F25BDFBBEB3}.Release|Any CPU.ActiveCfg = Release|Any CPU
		{494048B9-1F19-4172-97DC-0F25BDFBBEB3}.Release|Any CPU.Build.0 = Release|Any CPU
		{494048B9-1F19-4172-97DC-0F25BDFBBEB3}.Release|x64.ActiveCfg = Release|Any CPU
		{494048B9-1F19-4172-97DC-0F25BDFBBEB3}.Release|x64.Build.0 = Release|Any CPU
		{494048B9-1F19-4172-97DC-0F25BDFBBEB3}.Release|x86.ActiveCfg = Release|Any CPU
		{494048B9-1F19-4172-97DC-0F25BDFBBEB3}.Release|x86.Build.0 = Release|Any CPU
		{A311B96E-5CA7-4F97-8352-842F2268A9E3}.Debug|Any CPU.ActiveCfg = Debug|Any CPU
		{A311B96E-5CA7-4F97-8352-842F2268A9E3}.Debug|Any CPU.Build.0 = Debug|Any CPU
		{A311B96E-5CA7-4F97-8352-842F2268A9E3}.Debug|x64.ActiveCfg = Debug|Any CPU
		{A311B96E-5CA7-4F97-8352-842F2268A9E3}.Debug|x64.Build.0 = Debug|Any CPU
		{A311B96E-5CA7-4F97-8352-842F2268A9E3}.Debug|x86.ActiveCfg = Debug|Any CPU
		{A311B96E-5CA7-4F97-8352-842F2268A9E3}.Debug|x86.Build.0 = Debug|Any CPU
		{A311B96E-5CA7-4F97-8352-842F2268A9E3}.Release|Any CPU.ActiveCfg = Release|Any CPU
		{A311B96E-5CA7-4F97-8352-842F2268A9E3}.Release|Any CPU.Build.0 = Release|Any CPU
		{A311B96E-5CA7-4F97-8352-842F2268A9E3}.Release|x64.ActiveCfg = Release|Any CPU
		{A311B96E-5CA7-4F97-8352-842F2268A9E3}.Release|x64.Build.0 = Release|Any CPU
		{A311B96E-5CA7-4F97-8352-842F2268A9E3}.Release|x86.ActiveCfg = Release|Any CPU
		{A311B96E-5CA7-4F97-8352-842F2268A9E3}.Release|x86.Build.0 = Release|Any CPU
		{B1ABD7E5-1F6A-4E6E-8803-97B00F8104BC}.Debug|Any CPU.ActiveCfg = Debug|Any CPU
		{B1ABD7E5-1F6A-4E6E-8803-97B00F8104BC}.Debug|Any CPU.Build.0 = Debug|Any CPU
		{B1ABD7E5-1F6A-4E6E-8803-97B00F8104BC}.Debug|x64.ActiveCfg = Debug|Any CPU
		{B1ABD7E5-1F6A-4E6E-8803-97B00F8104BC}.Debug|x64.Build.0 = Debug|Any CPU
		{B1ABD7E5-1F6A-4E6E-8803-97B00F8104BC}.Debug|x86.ActiveCfg = Debug|Any CPU
		{B1ABD7E5-1F6A-4E6E-8803-97B00F8104BC}.Debug|x86.Build.0 = Debug|Any CPU
		{B1ABD7E5-1F6A-4E6E-8803-97B00F8104BC}.Release|Any CPU.ActiveCfg = Release|Any CPU
		{B1ABD7E5-1F6A-4E6E-8803-97B00F8104BC}.Release|Any CPU.Build.0 = Release|Any CPU
		{B1ABD7E5-1F6A-4E6E-8803-97B00F8104BC}.Release|x64.ActiveCfg = Release|Any CPU
		{B1ABD7E5-1F6A-4E6E-8803-97B00F8104BC}.Release|x64.Build.0 = Release|Any CPU
		{B1ABD7E5-1F6A-4E6E-8803-97B00F8104BC}.Release|x86.ActiveCfg = Release|Any CPU
		{B1ABD7E5-1F6A-4E6E-8803-97B00F8104BC}.Release|x86.Build.0 = Release|Any CPU
		{520427AF-8F83-43F3-8004-34B96B262BF6}.Debug|Any CPU.ActiveCfg = Debug|Any CPU
		{520427AF-8F83-43F3-8004-34B96B262BF6}.Debug|Any CPU.Build.0 = Debug|Any CPU
		{520427AF-8F83-43F3-8004-34B96B262BF6}.Debug|x64.ActiveCfg = Debug|Any CPU
		{520427AF-8F83-43F3-8004-34B96B262BF6}.Debug|x64.Build.0 = Debug|Any CPU
		{520427AF-8F83-43F3-8004-34B96B262BF6}.Debug|x86.ActiveCfg = Debug|Any CPU
		{520427AF-8F83-43F3-8004-34B96B262BF6}.Debug|x86.Build.0 = Debug|Any CPU
		{520427AF-8F83-43F3-8004-34B96B262BF6}.Release|Any CPU.ActiveCfg = Release|Any CPU
		{520427AF-8F83-43F3-8004-34B96B262BF6}.Release|Any CPU.Build.0 = Release|Any CPU
		{520427AF-8F83-43F3-8004-34B96B262BF6}.Release|x64.ActiveCfg = Release|Any CPU
		{520427AF-8F83-43F3-8004-34B96B262BF6}.Release|x64.Build.0 = Release|Any CPU
		{520427AF-8F83-43F3-8004-34B96B262BF6}.Release|x86.ActiveCfg = Release|Any CPU
		{520427AF-8F83-43F3-8004-34B96B262BF6}.Release|x86.Build.0 = Release|Any CPU
		{BAAEBAFC-9322-44E5-A76D-764AC90B6AD0}.Debug|Any CPU.ActiveCfg = Debug|Any CPU
		{BAAEBAFC-9322-44E5-A76D-764AC90B6AD0}.Debug|Any CPU.Build.0 = Debug|Any CPU
		{BAAEBAFC-9322-44E5-A76D-764AC90B6AD0}.Debug|x64.ActiveCfg = Debug|Any CPU
		{BAAEBAFC-9322-44E5-A76D-764AC90B6AD0}.Debug|x64.Build.0 = Debug|Any CPU
		{BAAEBAFC-9322-44E5-A76D-764AC90B6AD0}.Debug|x86.ActiveCfg = Debug|Any CPU
		{BAAEBAFC-9322-44E5-A76D-764AC90B6AD0}.Debug|x86.Build.0 = Debug|Any CPU
		{BAAEBAFC-9322-44E5-A76D-764AC90B6AD0}.Release|Any CPU.ActiveCfg = Release|Any CPU
		{BAAEBAFC-9322-44E5-A76D-764AC90B6AD0}.Release|Any CPU.Build.0 = Release|Any CPU
		{BAAEBAFC-9322-44E5-A76D-764AC90B6AD0}.Release|x64.ActiveCfg = Release|Any CPU
		{BAAEBAFC-9322-44E5-A76D-764AC90B6AD0}.Release|x64.Build.0 = Release|Any CPU
		{BAAEBAFC-9322-44E5-A76D-764AC90B6AD0}.Release|x86.ActiveCfg = Release|Any CPU
		{BAAEBAFC-9322-44E5-A76D-764AC90B6AD0}.Release|x86.Build.0 = Release|Any CPU
		{2DA2EAD6-2964-4EBB-BD7E-73D15050769C}.Debug|Any CPU.ActiveCfg = Debug|Any CPU
		{2DA2EAD6-2964-4EBB-BD7E-73D15050769C}.Debug|Any CPU.Build.0 = Debug|Any CPU
		{2DA2EAD6-2964-4EBB-BD7E-73D15050769C}.Debug|x64.ActiveCfg = Debug|Any CPU
		{2DA2EAD6-2964-4EBB-BD7E-73D15050769C}.Debug|x64.Build.0 = Debug|Any CPU
		{2DA2EAD6-2964-4EBB-BD7E-73D15050769C}.Debug|x86.ActiveCfg = Debug|Any CPU
		{2DA2EAD6-2964-4EBB-BD7E-73D15050769C}.Debug|x86.Build.0 = Debug|Any CPU
		{2DA2EAD6-2964-4EBB-BD7E-73D15050769C}.Release|Any CPU.ActiveCfg = Release|Any CPU
		{2DA2EAD6-2964-4EBB-BD7E-73D15050769C}.Release|Any CPU.Build.0 = Release|Any CPU
		{2DA2EAD6-2964-4EBB-BD7E-73D15050769C}.Release|x64.ActiveCfg = Release|Any CPU
		{2DA2EAD6-2964-4EBB-BD7E-73D15050769C}.Release|x64.Build.0 = Release|Any CPU
		{2DA2EAD6-2964-4EBB-BD7E-73D15050769C}.Release|x86.ActiveCfg = Release|Any CPU
		{2DA2EAD6-2964-4EBB-BD7E-73D15050769C}.Release|x86.Build.0 = Release|Any CPU
		{AE94E8DA-F593-4501-BB7B-83762BE79EBC}.Debug|Any CPU.ActiveCfg = Debug|Any CPU
		{AE94E8DA-F593-4501-BB7B-83762BE79EBC}.Debug|Any CPU.Build.0 = Debug|Any CPU
		{AE94E8DA-F593-4501-BB7B-83762BE79EBC}.Debug|x64.ActiveCfg = Debug|Any CPU
		{AE94E8DA-F593-4501-BB7B-83762BE79EBC}.Debug|x64.Build.0 = Debug|Any CPU
		{AE94E8DA-F593-4501-BB7B-83762BE79EBC}.Debug|x86.ActiveCfg = Debug|Any CPU
		{AE94E8DA-F593-4501-BB7B-83762BE79EBC}.Debug|x86.Build.0 = Debug|Any CPU
		{AE94E8DA-F593-4501-BB7B-83762BE79EBC}.Release|Any CPU.ActiveCfg = Release|Any CPU
		{AE94E8DA-F593-4501-BB7B-83762BE79EBC}.Release|Any CPU.Build.0 = Release|Any CPU
		{AE94E8DA-F593-4501-BB7B-83762BE79EBC}.Release|x64.ActiveCfg = Release|Any CPU
		{AE94E8DA-F593-4501-BB7B-83762BE79EBC}.Release|x64.Build.0 = Release|Any CPU
		{AE94E8DA-F593-4501-BB7B-83762BE79EBC}.Release|x86.ActiveCfg = Release|Any CPU
		{AE94E8DA-F593-4501-BB7B-83762BE79EBC}.Release|x86.Build.0 = Release|Any CPU
		{FAF5E10B-7512-475C-85DE-5C5BEB78CFC4}.Debug|Any CPU.ActiveCfg = Debug|Any CPU
		{FAF5E10B-7512-475C-85DE-5C5BEB78CFC4}.Debug|Any CPU.Build.0 = Debug|Any CPU
		{FAF5E10B-7512-475C-85DE-5C5BEB78CFC4}.Debug|x64.ActiveCfg = Debug|Any CPU
		{FAF5E10B-7512-475C-85DE-5C5BEB78CFC4}.Debug|x64.Build.0 = Debug|Any CPU
		{FAF5E10B-7512-475C-85DE-5C5BEB78CFC4}.Debug|x86.ActiveCfg = Debug|Any CPU
		{FAF5E10B-7512-475C-85DE-5C5BEB78CFC4}.Debug|x86.Build.0 = Debug|Any CPU
		{FAF5E10B-7512-475C-85DE-5C5BEB78CFC4}.Release|Any CPU.ActiveCfg = Release|Any CPU
		{FAF5E10B-7512-475C-85DE-5C5BEB78CFC4}.Release|Any CPU.Build.0 = Release|Any CPU
		{FAF5E10B-7512-475C-85DE-5C5BEB78CFC4}.Release|x64.ActiveCfg = Release|Any CPU
		{FAF5E10B-7512-475C-85DE-5C5BEB78CFC4}.Release|x64.Build.0 = Release|Any CPU
		{FAF5E10B-7512-475C-85DE-5C5BEB78CFC4}.Release|x86.ActiveCfg = Release|Any CPU
		{FAF5E10B-7512-475C-85DE-5C5BEB78CFC4}.Release|x86.Build.0 = Release|Any CPU
		{27A15802-CDB2-418D-8213-506EEB9D13F9}.Debug|Any CPU.ActiveCfg = Debug|Any CPU
		{27A15802-CDB2-418D-8213-506EEB9D13F9}.Debug|Any CPU.Build.0 = Debug|Any CPU
		{27A15802-CDB2-418D-8213-506EEB9D13F9}.Debug|x64.ActiveCfg = Debug|Any CPU
		{27A15802-CDB2-418D-8213-506EEB9D13F9}.Debug|x64.Build.0 = Debug|Any CPU
		{27A15802-CDB2-418D-8213-506EEB9D13F9}.Debug|x86.ActiveCfg = Debug|Any CPU
		{27A15802-CDB2-418D-8213-506EEB9D13F9}.Debug|x86.Build.0 = Debug|Any CPU
		{27A15802-CDB2-418D-8213-506EEB9D13F9}.Release|Any CPU.ActiveCfg = Release|Any CPU
		{27A15802-CDB2-418D-8213-506EEB9D13F9}.Release|Any CPU.Build.0 = Release|Any CPU
		{27A15802-CDB2-418D-8213-506EEB9D13F9}.Release|x64.ActiveCfg = Release|Any CPU
		{27A15802-CDB2-418D-8213-506EEB9D13F9}.Release|x64.Build.0 = Release|Any CPU
		{27A15802-CDB2-418D-8213-506EEB9D13F9}.Release|x86.ActiveCfg = Release|Any CPU
		{27A15802-CDB2-418D-8213-506EEB9D13F9}.Release|x86.Build.0 = Release|Any CPU
		{D3DCE738-A653-47ED-AAB9-6694BF4E5E8A}.Debug|Any CPU.ActiveCfg = Debug|Any CPU
		{D3DCE738-A653-47ED-AAB9-6694BF4E5E8A}.Debug|Any CPU.Build.0 = Debug|Any CPU
		{D3DCE738-A653-47ED-AAB9-6694BF4E5E8A}.Debug|x64.ActiveCfg = Debug|Any CPU
		{D3DCE738-A653-47ED-AAB9-6694BF4E5E8A}.Debug|x64.Build.0 = Debug|Any CPU
		{D3DCE738-A653-47ED-AAB9-6694BF4E5E8A}.Debug|x86.ActiveCfg = Debug|Any CPU
		{D3DCE738-A653-47ED-AAB9-6694BF4E5E8A}.Debug|x86.Build.0 = Debug|Any CPU
		{D3DCE738-A653-47ED-AAB9-6694BF4E5E8A}.Release|Any CPU.ActiveCfg = Release|Any CPU
		{D3DCE738-A653-47ED-AAB9-6694BF4E5E8A}.Release|Any CPU.Build.0 = Release|Any CPU
		{D3DCE738-A653-47ED-AAB9-6694BF4E5E8A}.Release|x64.ActiveCfg = Release|Any CPU
		{D3DCE738-A653-47ED-AAB9-6694BF4E5E8A}.Release|x64.Build.0 = Release|Any CPU
		{D3DCE738-A653-47ED-AAB9-6694BF4E5E8A}.Release|x86.ActiveCfg = Release|Any CPU
		{D3DCE738-A653-47ED-AAB9-6694BF4E5E8A}.Release|x86.Build.0 = Release|Any CPU
		{390A7E2C-A49F-415F-A8C8-00BF04C35B4A}.Debug|Any CPU.ActiveCfg = Debug|Any CPU
		{390A7E2C-A49F-415F-A8C8-00BF04C35B4A}.Debug|Any CPU.Build.0 = Debug|Any CPU
		{390A7E2C-A49F-415F-A8C8-00BF04C35B4A}.Debug|x64.ActiveCfg = Debug|Any CPU
		{390A7E2C-A49F-415F-A8C8-00BF04C35B4A}.Debug|x64.Build.0 = Debug|Any CPU
		{390A7E2C-A49F-415F-A8C8-00BF04C35B4A}.Debug|x86.ActiveCfg = Debug|Any CPU
		{390A7E2C-A49F-415F-A8C8-00BF04C35B4A}.Debug|x86.Build.0 = Debug|Any CPU
		{390A7E2C-A49F-415F-A8C8-00BF04C35B4A}.Release|Any CPU.ActiveCfg = Release|Any CPU
		{390A7E2C-A49F-415F-A8C8-00BF04C35B4A}.Release|Any CPU.Build.0 = Release|Any CPU
		{390A7E2C-A49F-415F-A8C8-00BF04C35B4A}.Release|x64.ActiveCfg = Release|Any CPU
		{390A7E2C-A49F-415F-A8C8-00BF04C35B4A}.Release|x64.Build.0 = Release|Any CPU
		{390A7E2C-A49F-415F-A8C8-00BF04C35B4A}.Release|x86.ActiveCfg = Release|Any CPU
		{390A7E2C-A49F-415F-A8C8-00BF04C35B4A}.Release|x86.Build.0 = Release|Any CPU
		{C57DBEC1-C3A0-46EE-BB04-4BF5D3FC50FE}.Debug|Any CPU.ActiveCfg = Debug|Any CPU
		{C57DBEC1-C3A0-46EE-BB04-4BF5D3FC50FE}.Debug|Any CPU.Build.0 = Debug|Any CPU
		{C57DBEC1-C3A0-46EE-BB04-4BF5D3FC50FE}.Debug|x64.ActiveCfg = Debug|Any CPU
		{C57DBEC1-C3A0-46EE-BB04-4BF5D3FC50FE}.Debug|x64.Build.0 = Debug|Any CPU
		{C57DBEC1-C3A0-46EE-BB04-4BF5D3FC50FE}.Debug|x86.ActiveCfg = Debug|Any CPU
		{C57DBEC1-C3A0-46EE-BB04-4BF5D3FC50FE}.Debug|x86.Build.0 = Debug|Any CPU
		{C57DBEC1-C3A0-46EE-BB04-4BF5D3FC50FE}.Release|Any CPU.ActiveCfg = Release|Any CPU
		{C57DBEC1-C3A0-46EE-BB04-4BF5D3FC50FE}.Release|Any CPU.Build.0 = Release|Any CPU
		{C57DBEC1-C3A0-46EE-BB04-4BF5D3FC50FE}.Release|x64.ActiveCfg = Release|Any CPU
		{C57DBEC1-C3A0-46EE-BB04-4BF5D3FC50FE}.Release|x64.Build.0 = Release|Any CPU
		{C57DBEC1-C3A0-46EE-BB04-4BF5D3FC50FE}.Release|x86.ActiveCfg = Release|Any CPU
		{C57DBEC1-C3A0-46EE-BB04-4BF5D3FC50FE}.Release|x86.Build.0 = Release|Any CPU
		{382E94AC-6536-BD8B-6082-7A03BB350C3C}.Debug|Any CPU.ActiveCfg = Debug|Any CPU
		{382E94AC-6536-BD8B-6082-7A03BB350C3C}.Debug|Any CPU.Build.0 = Debug|Any CPU
		{382E94AC-6536-BD8B-6082-7A03BB350C3C}.Debug|x64.ActiveCfg = Debug|Any CPU
		{382E94AC-6536-BD8B-6082-7A03BB350C3C}.Debug|x64.Build.0 = Debug|Any CPU
		{382E94AC-6536-BD8B-6082-7A03BB350C3C}.Debug|x86.ActiveCfg = Debug|Any CPU
		{382E94AC-6536-BD8B-6082-7A03BB350C3C}.Debug|x86.Build.0 = Debug|Any CPU
		{382E94AC-6536-BD8B-6082-7A03BB350C3C}.Release|Any CPU.ActiveCfg = Release|Any CPU
		{382E94AC-6536-BD8B-6082-7A03BB350C3C}.Release|Any CPU.Build.0 = Release|Any CPU
		{382E94AC-6536-BD8B-6082-7A03BB350C3C}.Release|x64.ActiveCfg = Release|Any CPU
		{382E94AC-6536-BD8B-6082-7A03BB350C3C}.Release|x64.Build.0 = Release|Any CPU
		{382E94AC-6536-BD8B-6082-7A03BB350C3C}.Release|x86.ActiveCfg = Release|Any CPU
		{382E94AC-6536-BD8B-6082-7A03BB350C3C}.Release|x86.Build.0 = Release|Any CPU
		{26E99F1B-C6AF-45EF-BA98-6E230C7D9377}.Debug|Any CPU.ActiveCfg = Debug|Any CPU
		{26E99F1B-C6AF-45EF-BA98-6E230C7D9377}.Debug|Any CPU.Build.0 = Debug|Any CPU
		{26E99F1B-C6AF-45EF-BA98-6E230C7D9377}.Debug|x64.ActiveCfg = Debug|Any CPU
		{26E99F1B-C6AF-45EF-BA98-6E230C7D9377}.Debug|x64.Build.0 = Debug|Any CPU
		{26E99F1B-C6AF-45EF-BA98-6E230C7D9377}.Debug|x86.ActiveCfg = Debug|Any CPU
		{26E99F1B-C6AF-45EF-BA98-6E230C7D9377}.Debug|x86.Build.0 = Debug|Any CPU
		{26E99F1B-C6AF-45EF-BA98-6E230C7D9377}.Release|Any CPU.ActiveCfg = Release|Any CPU
		{26E99F1B-C6AF-45EF-BA98-6E230C7D9377}.Release|Any CPU.Build.0 = Release|Any CPU
		{26E99F1B-C6AF-45EF-BA98-6E230C7D9377}.Release|x64.ActiveCfg = Release|Any CPU
		{26E99F1B-C6AF-45EF-BA98-6E230C7D9377}.Release|x64.Build.0 = Release|Any CPU
		{26E99F1B-C6AF-45EF-BA98-6E230C7D9377}.Release|x86.ActiveCfg = Release|Any CPU
		{26E99F1B-C6AF-45EF-BA98-6E230C7D9377}.Release|x86.Build.0 = Release|Any CPU
		{DC5CD9D1-A4C7-28CF-93ED-D89DC70E44E7}.Debug|Any CPU.ActiveCfg = Debug|Any CPU
		{DC5CD9D1-A4C7-28CF-93ED-D89DC70E44E7}.Debug|Any CPU.Build.0 = Debug|Any CPU
		{DC5CD9D1-A4C7-28CF-93ED-D89DC70E44E7}.Debug|Any CPU.Deploy.0 = Debug|Any CPU
		{DC5CD9D1-A4C7-28CF-93ED-D89DC70E44E7}.Debug|x64.ActiveCfg = Debug|Any CPU
		{DC5CD9D1-A4C7-28CF-93ED-D89DC70E44E7}.Debug|x64.Build.0 = Debug|Any CPU
		{DC5CD9D1-A4C7-28CF-93ED-D89DC70E44E7}.Debug|x64.Deploy.0 = Debug|Any CPU
		{DC5CD9D1-A4C7-28CF-93ED-D89DC70E44E7}.Debug|x86.ActiveCfg = Debug|Any CPU
		{DC5CD9D1-A4C7-28CF-93ED-D89DC70E44E7}.Debug|x86.Build.0 = Debug|Any CPU
		{DC5CD9D1-A4C7-28CF-93ED-D89DC70E44E7}.Debug|x86.Deploy.0 = Debug|Any CPU
		{DC5CD9D1-A4C7-28CF-93ED-D89DC70E44E7}.Release|Any CPU.ActiveCfg = Release|Any CPU
		{DC5CD9D1-A4C7-28CF-93ED-D89DC70E44E7}.Release|Any CPU.Build.0 = Release|Any CPU
		{DC5CD9D1-A4C7-28CF-93ED-D89DC70E44E7}.Release|Any CPU.Deploy.0 = Release|Any CPU
		{DC5CD9D1-A4C7-28CF-93ED-D89DC70E44E7}.Release|x64.ActiveCfg = Release|Any CPU
		{DC5CD9D1-A4C7-28CF-93ED-D89DC70E44E7}.Release|x64.Build.0 = Release|Any CPU
		{DC5CD9D1-A4C7-28CF-93ED-D89DC70E44E7}.Release|x64.Deploy.0 = Release|Any CPU
		{DC5CD9D1-A4C7-28CF-93ED-D89DC70E44E7}.Release|x86.ActiveCfg = Release|Any CPU
		{DC5CD9D1-A4C7-28CF-93ED-D89DC70E44E7}.Release|x86.Build.0 = Release|Any CPU
		{DC5CD9D1-A4C7-28CF-93ED-D89DC70E44E7}.Release|x86.Deploy.0 = Release|Any CPU
		{72B70B35-66A8-8F10-92E6-3BC319F946D5}.Debug|Any CPU.ActiveCfg = Debug|Any CPU
		{72B70B35-66A8-8F10-92E6-3BC319F946D5}.Debug|Any CPU.Build.0 = Debug|Any CPU
		{72B70B35-66A8-8F10-92E6-3BC319F946D5}.Debug|x64.ActiveCfg = Debug|Any CPU
		{72B70B35-66A8-8F10-92E6-3BC319F946D5}.Debug|x64.Build.0 = Debug|Any CPU
		{72B70B35-66A8-8F10-92E6-3BC319F946D5}.Debug|x86.ActiveCfg = Debug|Any CPU
		{72B70B35-66A8-8F10-92E6-3BC319F946D5}.Debug|x86.Build.0 = Debug|Any CPU
		{72B70B35-66A8-8F10-92E6-3BC319F946D5}.Release|Any CPU.ActiveCfg = Release|Any CPU
		{72B70B35-66A8-8F10-92E6-3BC319F946D5}.Release|Any CPU.Build.0 = Release|Any CPU
		{72B70B35-66A8-8F10-92E6-3BC319F946D5}.Release|x64.ActiveCfg = Release|Any CPU
		{72B70B35-66A8-8F10-92E6-3BC319F946D5}.Release|x64.Build.0 = Release|Any CPU
		{72B70B35-66A8-8F10-92E6-3BC319F946D5}.Release|x86.ActiveCfg = Release|Any CPU
		{72B70B35-66A8-8F10-92E6-3BC319F946D5}.Release|x86.Build.0 = Release|Any CPU
	EndGlobalSection
	GlobalSection(SolutionProperties) = preSolution
		HideSolutionNode = FALSE
	EndGlobalSection
	GlobalSection(NestedProjects) = preSolution
		{ECDC8518-0FB0-47AF-8822-D0A66F467270} = {EC460F10-7AF4-4D25-A5E8-68D1FAD66DCD}
		{187721CD-4401-49A1-B6AE-C4B67D3E937D} = {EC460F10-7AF4-4D25-A5E8-68D1FAD66DCD}
		{494048B9-1F19-4172-97DC-0F25BDFBBEB3} = {EC460F10-7AF4-4D25-A5E8-68D1FAD66DCD}
		{A311B96E-5CA7-4F97-8352-842F2268A9E3} = {7D17550C-4419-4261-84D4-83C4CE85B223}
		{7D17550C-4419-4261-84D4-83C4CE85B223} = {EC460F10-7AF4-4D25-A5E8-68D1FAD66DCD}
		{B1ABD7E5-1F6A-4E6E-8803-97B00F8104BC} = {7D17550C-4419-4261-84D4-83C4CE85B223}
		{520427AF-8F83-43F3-8004-34B96B262BF6} = {7D17550C-4419-4261-84D4-83C4CE85B223}
		{BAAEBAFC-9322-44E5-A76D-764AC90B6AD0} = {7D17550C-4419-4261-84D4-83C4CE85B223}
		{B2CF42F2-47B5-40B3-9A45-9DA555AD6BD0} = {EC460F10-7AF4-4D25-A5E8-68D1FAD66DCD}
		{2DA2EAD6-2964-4EBB-BD7E-73D15050769C} = {EC460F10-7AF4-4D25-A5E8-68D1FAD66DCD}
		{AE94E8DA-F593-4501-BB7B-83762BE79EBC} = {B2CF42F2-47B5-40B3-9A45-9DA555AD6BD0}
		{73CEC823-3F9E-44CC-BB76-D75DECF0EBB3} = {EC460F10-7AF4-4D25-A5E8-68D1FAD66DCD}
		{FAF5E10B-7512-475C-85DE-5C5BEB78CFC4} = {73CEC823-3F9E-44CC-BB76-D75DECF0EBB3}
		{27A15802-CDB2-418D-8213-506EEB9D13F9} = {1678577F-8C2D-4971-A313-677801BB1071}
		{D3DCE738-A653-47ED-AAB9-6694BF4E5E8A} = {EC460F10-7AF4-4D25-A5E8-68D1FAD66DCD}
		{390A7E2C-A49F-415F-A8C8-00BF04C35B4A} = {EC460F10-7AF4-4D25-A5E8-68D1FAD66DCD}
		{C57DBEC1-C3A0-46EE-BB04-4BF5D3FC50FE} = {EC460F10-7AF4-4D25-A5E8-68D1FAD66DCD}
		{382E94AC-6536-BD8B-6082-7A03BB350C3C} = {EC460F10-7AF4-4D25-A5E8-68D1FAD66DCD}
		{26E99F1B-C6AF-45EF-BA98-6E230C7D9377} = {7D17550C-4419-4261-84D4-83C4CE85B223}
		{DC5CD9D1-A4C7-28CF-93ED-D89DC70E44E7} = {73CEC823-3F9E-44CC-BB76-D75DECF0EBB3}
		{72B70B35-66A8-8F10-92E6-3BC319F946D5} = {EC460F10-7AF4-4D25-A5E8-68D1FAD66DCD}
	EndGlobalSection
	GlobalSection(ExtensibilityGlobals) = postSolution
		SolutionGuid = {813A0C09-6F61-4A68-AD07-F331159EC059}
	EndGlobalSection
EndGlobal
